{
  "lockfile_version": "1",
  "packages": {
    "github:NixOS/nixpkgs/nixpkgs-unstable": {
      "last_modified": "2026-01-14T12:51:35Z",
      "resolved": "github:NixOS/nixpkgs/13868c071cc73a5e9f610c47d7bb08e5da64fdd5?lastModified=1768395095"
    },
    "python312Packages.pip": {
      "resolved": "github:NixOS/nixpkgs/b72f284b1be41575c3e36cd777a191c29a7adf6a#python312Packages.pip",
      "source": "nixpkg",
      "systems": {
        "aarch64-darwin": {
          "outputs": [
            {
              "path": "/nix/store/hnay7d9b8w7rx825dxgqf3nhlwayzlg3-python3.12-pip-25.0.1",
              "default": true
            },
            {
              "name": "man",
              "path": "/nix/store/qqd1r168y4sabv7rhxs4dfairp0w2x7v-python3.12-pip-25.0.1-man",
              "default": true
            }
          ]
        }
      }
    },
    "python312Packages.virtualenv": {
      "resolved": "github:NixOS/nixpkgs/b72f284b1be41575c3e36cd777a191c29a7adf6a#python312Packages.virtualenv",
      "source": "nixpkg",
      "systems": {
        "aarch64-darwin": {
          "outputs": [
            {
              "path": "/nix/store/iz98bpam187hxz27rxblyb9dwk8wl52z-python3.12-virtualenv-20.33.1",
              "default": true
            }
          ]
        }
      }
    },
    "python@3.12": {
      "last_modified": "2025-12-31T03:27:36Z",
      "plugin_version": "0.0.4",
      "resolved": "github:NixOS/nixpkgs/f665af0cdb70ed27e1bd8f9fdfecaf451260fc55#python312",
      "source": "devbox-search",
      "version": "3.12.12",
      "systems": {
        "aarch64-darwin": {
          "outputs": [
            {
              "name": "out",
              "path": "/nix/store/bzy1s8kfnz8hsc96ji7pwn0377wwsgw5-python3-3.12.12",
              "default": true
            }
          ],
          "store_path": "/nix/store/bzy1s8kfnz8hsc96ji7pwn0377wwsgw5-python3-3.12.12"
        },
        "aarch64-linux": {
          "outputs": [
            {
              "name": "out",
              "path": "/nix/store/wh5w9bgdwkfwamk5vs9pq36ncqj1rhwq-python3-3.12.12",
              "default": true
            },
            {
              "name": "debug",
              "path": "/nix/store/nqi4qn3skyrn8pbfzszcc622ms7arbcp-python3-3.12.12-debug"
            }
          ],
          "store_path": "/nix/store/wh5w9bgdwkfwamk5vs9pq36ncqj1rhwq-python3-3.12.12"
        },
        "x86_64-darwin": {
          "outputs": [
            {
              "name": "out",
              "path": "/nix/store/izh5ff9bjyz5sr7siaypz3333rfzifz0-python3-3.12.12",
              "default": true
            }
          ],
          "store_path": "/nix/store/izh5ff9bjyz5sr7siaypz3333rfzifz0-python3-3.12.12"
        },
        "x86_64-linux": {
          "outputs": [
            {
              "name": "out",
              "path": "/nix/store/iizfzmqjdfvbyx82gqw92glb5zl6m4my-python3-3.12.12",
              "default": true
            },
            {
              "name": "debug",
              "path": "/nix/store/czxfvqyngv5zg2l2ylcgbby5r51w7z2w-python3-3.12.12-debug"
            }
          ],
          "store_path": "/nix/store/iizfzmqjdfvbyx82gqw92glb5zl6m4my-python3-3.12.12"
        }
      }
    }
  }
}
